Microsoft Visual Studio Solution File, Format Version 12.00
# Visual Studio 2013
VisualStudioVersion = 12.0.21005.1
MinimumVisualStudioVersion = 10.0.40219.1
Project("{FAE04EC0-301F-11D3-BF4B-00C04F79EFBC}") = "Log.Common", "Log.Common\Log.Common.csproj", "{22FCB41E-D23E-4316-8B23-6E5ABCE8FC8C}"
EndProject
Project("{2150E333-8FDC-42A3-9474-1A3956D46DE8}") = "01.Infrustructure", "01.Infrustructure", "{ACAF2334-4135-4C3D-8882-D573CB17DA98}"
EndProject
Project("{2150E333-8FDC-42A3-9474-1A3956D46DE8}") = "02.Dal", "02.Dal", "{0CF74E54-44D5-4593-99A3-DBE017C2EF77}"
EndProject
Project("{2150E333-8FDC-42A3-9474-1A3956D46DE8}") = "03.Services", "03.Services", "{74E0546B-8CB2-473A-B368-D14CDBAC8BDC}"
EndProject
Project("{2150E333-8FDC-42A3-9474-1A3956D46DE8}") = "04.Views", "04.Views", "{7E1C36E7-C13F-4DE0-8593-3D3E22DFD312}"
EndProject
Project("{2150E333-8FDC-42A3-9474-1A3956D46DE8}") = "06.Tests", "06.Tests", "{9E471DFE-851D-4C93-BAEF-F51818BF5BA2}"
EndProject
Project("{FAE04EC0-301F-11D3-BF4B-00C04F79EFBC}") = "Log.IDao", "Log.IDao\Log.IDao.csproj", "{EC4B60F9-6F11-4B53-9308-B833D6C6CFA4}"
EndProject
Project("{FAE04EC0-301F-11D3-BF4B-00C04F79EFBC}") = "Log.Dao", "Log.Dao\Log.Dao.csproj", "{0D753218-C0A3-4BC7-8575-1160FA61C05F}"
EndProject
Project("{FAE04EC0-301F-11D3-BF4B-00C04F79EFBC}") = "Log.IService", "Log.IService\Log.IService.csproj", "{096CBABD-9F64-49ED-B35B-D5A3D2978D72}"
EndProject
Project("{FAE04EC0-301F-11D3-BF4B-00C04F79EFBC}") = "Log.Service", "Log.Service\Log.Service.csproj", "{0DECFD77-920F-4F8A-BAF0-B2C741CA4631}"
EndProject
Project("{FAE04EC0-301F-11D3-BF4B-00C04F79EFBC}") = "Log.Service.Site", "Log.Service.Site\Log.Service.Site.csproj", "{7022D9B3-EDE6-439E-BC8C-A0B00CC92140}"
EndProject
Project("{FAE04EC0-301F-11D3-BF4B-00C04F79EFBC}") = "Log.Site", "Log.Site\Log.Site.csproj", "{544DA6B0-FE6A-4E1F-A8F8-23B2A482C6E4}"
EndProject
Project("{FAE04EC0-301F-11D3-BF4B-00C04F79EFBC}") = "Log.Tools", "Log.Tools\Log.Tools.csproj", "{679F0BA1-E4E1-43A5-A773-C11AFD8853EE}"
EndProject
Project("{FAE04EC0-301F-11D3-BF4B-00C04F79EFBC}") = "Log.UnitTest", "Log.UnitTest\Log.UnitTest.csproj", "{D7A023F6-5748-4FCE-ADF4-67DA63E842D0}"
EndProject
Project("{FAE04EC0-301F-11D3-BF4B-00C04F79EFBC}") = "Log.Entity", "Log.Entity\Log.Entity.csproj", "{051CE919-124E-4FF6-9605-824417AD4F51}"
EndProject
Project("{FAE04EC0-301F-11D3-BF4B-00C04F79EFBC}") = "Log.DaoFactory", "Log.DaoFactory\Log.DaoFactory.csproj", "{24A06138-E585-4FD9-BE9A-79F3FFCFCA0F}"
EndProject
Project("{FAE04EC0-301F-11D3-BF4B-00C04F79EFBC}") = "Log.OpenApi", "Log.OpenApi\Log.OpenApi.csproj", "{8BB96BCB-F0E0-4F4D-8FC8-CE5E3868D5D1}"
EndProject
Project("{2150E333-8FDC-42A3-9474-1A3956D46DE8}") = "05.Tasks", "05.Tasks", "{6C3012CA-430D-4D27-B286-3AAF5D2BF5D4}"
EndProject
Project("{FAE04EC0-301F-11D3-BF4B-00C04F79EFBC}") = "Log.Task", "Log.Task\Log.Task.csproj", "{08FCBA97-6D48-4A55-AD8F-AB6C803C12BC}"
EndProject
Project("{FAE04EC0-301F-11D3-BF4B-00C04F79EFBC}") = "Log.WinService", "Log.WinService\Log.WinService.csproj", "{97FFFC43-E8AB-4B11-859F-9A5B5ED30DEB}"
EndProject
Global
	GlobalSection(SolutionConfigurationPlatforms) = preSolution
		Debug|Any CPU = Debug|Any CPU
		Release|Any CPU = Release|Any CPU
	EndGlobalSection
	GlobalSection(ProjectConfigurationPlatforms) = postSolution
		{22FCB41E-D23E-4316-8B23-6E5ABCE8FC8C}.Debug|Any CPU.ActiveCfg = Debug|Any CPU
		{22FCB41E-D23E-4316-8B23-6E5ABCE8FC8C}.Debug|Any CPU.Build.0 = Debug|Any CPU
		{22FCB41E-D23E-4316-8B23-6E5ABCE8FC8C}.Release|Any CPU.ActiveCfg = Release|Any CPU
		{22FCB41E-D23E-4316-8B23-6E5ABCE8FC8C}.Release|Any CPU.Build.0 = Release|Any CPU
		{EC4B60F9-6F11-4B53-9308-B833D6C6CFA4}.Debug|Any CPU.ActiveCfg = Debug|Any CPU
		{EC4B60F9-6F11-4B53-9308-B833D6C6CFA4}.Debug|Any CPU.Build.0 = Debug|Any CPU
		{EC4B60F9-6F11-4B53-9308-B833D6C6CFA4}.Release|Any CPU.ActiveCfg = Release|Any CPU
		{EC4B60F9-6F11-4B53-9308-B833D6C6CFA4}.Release|Any CPU.Build.0 = Release|Any CPU
		{0D753218-C0A3-4BC7-8575-1160FA61C05F}.Debug|Any CPU.ActiveCfg = Debug|Any CPU
		{0D753218-C0A3-4BC7-8575-1160FA61C05F}.Debug|Any CPU.Build.0 = Debug|Any CPU
		{0D753218-C0A3-4BC7-8575-1160FA61C05F}.Release|Any CPU.ActiveCfg = Release|Any CPU
		{0D753218-C0A3-4BC7-8575-1160FA61C05F}.Release|Any CPU.Build.0 = Release|Any CPU
		{096CBABD-9F64-49ED-B35B-D5A3D2978D72}.Debug|Any CPU.ActiveCfg = Debug|Any CPU
		{096CBABD-9F64-49ED-B35B-D5A3D2978D72}.Debug|Any CPU.Build.0 = Debug|Any CPU
		{096CBABD-9F64-49ED-B35B-D5A3D2978D72}.Release|Any CPU.ActiveCfg = Release|Any CPU
		{096CBABD-9F64-49ED-B35B-D5A3D2978D72}.Release|Any CPU.Build.0 = Release|Any CPU
		{0DECFD77-920F-4F8A-BAF0-B2C741CA4631}.Debug|Any CPU.ActiveCfg = Debug|Any CPU
		{0DECFD77-920F-4F8A-BAF0-B2C741CA4631}.Debug|Any CPU.Build.0 = Debug|Any CPU
		{0DECFD77-920F-4F8A-BAF0-B2C741CA4631}.Release|Any CPU.ActiveCfg = Release|Any CPU
		{0DECFD77-920F-4F8A-BAF0-B2C741CA4631}.Release|Any CPU.Build.0 = Release|Any CPU
		{7022D9B3-EDE6-439E-BC8C-A0B00CC92140}.Debug|Any CPU.ActiveCfg = Debug|Any CPU
		{7022D9B3-EDE6-439E-BC8C-A0B00CC92140}.Debug|Any CPU.Build.0 = Debug|Any CPU
		{7022D9B3-EDE6-439E-BC8C-A0B00CC92140}.Release|Any CPU.ActiveCfg = Release|Any CPU
		{7022D9B3-EDE6-439E-BC8C-A0B00CC92140}.Release|Any CPU.Build.0 = Release|Any CPU
		{544DA6B0-FE6A-4E1F-A8F8-23B2A482C6E4}.Debug|Any CPU.ActiveCfg = Debug|Any CPU
		{544DA6B0-FE6A-4E1F-A8F8-23B2A482C6E4}.Debug|Any CPU.Build.0 = Debug|Any CPU
		{544DA6B0-FE6A-4E1F-A8F8-23B2A482C6E4}.Release|Any CPU.ActiveCfg = Release|Any CPU
		{544DA6B0-FE6A-4E1F-A8F8-23B2A482C6E4}.Release|Any CPU.Build.0 = Release|Any CPU
		{679F0BA1-E4E1-43A5-A773-C11AFD8853EE}.Debug|Any CPU.ActiveCfg = Debug|Any CPU
		{679F0BA1-E4E1-43A5-A773-C11AFD8853EE}.Debug|Any CPU.Build.0 = Debug|Any CPU
		{679F0BA1-E4E1-43A5-A773-C11AFD8853EE}.Release|Any CPU.ActiveCfg = Release|Any CPU
		{679F0BA1-E4E1-43A5-A773-C11AFD8853EE}.Release|Any CPU.Build.0 = Release|Any CPU
		{D7A023F6-5748-4FCE-ADF4-67DA63E842D0}.Debug|Any CPU.ActiveCfg = Debug|Any CPU
		{D7A023F6-5748-4FCE-ADF4-67DA63E842D0}.Debug|Any CPU.Build.0 = Debug|Any CPU
		{D7A023F6-5748-4FCE-ADF4-67DA63E842D0}.Release|Any CPU.ActiveCfg = Release|Any CPU
		{D7A023F6-5748-4FCE-ADF4-67DA63E842D0}.Release|Any CPU.Build.0 = Release|Any CPU
		{051CE919-124E-4FF6-9605-824417AD4F51}.Debug|Any CPU.ActiveCfg = Debug|Any CPU
		{051CE919-124E-4FF6-9605-824417AD4F51}.Debug|Any CPU.Build.0 = Debug|Any CPU
		{051CE919-124E-4FF6-9605-824417AD4F51}.Release|Any CPU.ActiveCfg = Release|Any CPU
		{051CE919-124E-4FF6-9605-824417AD4F51}.Release|Any CPU.Build.0 = Release|Any CPU
		{24A06138-E585-4FD9-BE9A-79F3FFCFCA0F}.Debug|Any CPU.ActiveCfg = Debug|Any CPU
		{24A06138-E585-4FD9-BE9A-79F3FFCFCA0F}.Debug|Any CPU.Build.0 = Debug|Any CPU
		{24A06138-E585-4FD9-BE9A-79F3FFCFCA0F}.Release|Any CPU.ActiveCfg = Release|Any CPU
		{24A06138-E585-4FD9-BE9A-79F3FFCFCA0F}.Release|Any CPU.Build.0 = Release|Any CPU
		{8BB96BCB-F0E0-4F4D-8FC8-CE5E3868D5D1}.Debug|Any CPU.ActiveCfg = Debug|Any CPU
		{8BB96BCB-F0E0-4F4D-8FC8-CE5E3868D5D1}.Debug|Any CPU.Build.0 = Debug|Any CPU
		{8BB96BCB-F0E0-4F4D-8FC8-CE5E3868D5D1}.Release|Any CPU.ActiveCfg = Release|Any CPU
		{8BB96BCB-F0E0-4F4D-8FC8-CE5E3868D5D1}.Release|Any CPU.Build.0 = Release|Any CPU
		{08FCBA97-6D48-4A55-AD8F-AB6C803C12BC}.Debug|Any CPU.ActiveCfg = Debug|Any CPU
		{08FCBA97-6D48-4A55-AD8F-AB6C803C12BC}.Debug|Any CPU.Build.0 = Debug|Any CPU
		{08FCBA97-6D48-4A55-AD8F-AB6C803C12BC}.Release|Any CPU.ActiveCfg = Release|Any CPU
		{08FCBA97-6D48-4A55-AD8F-AB6C803C12BC}.Release|Any CPU.Build.0 = Release|Any CPU
		{97FFFC43-E8AB-4B11-859F-9A5B5ED30DEB}.Debug|Any CPU.ActiveCfg = Debug|Any CPU
		{97FFFC43-E8AB-4B11-859F-9A5B5ED30DEB}.Debug|Any CPU.Build.0 = Debug|Any CPU
		{97FFFC43-E8AB-4B11-859F-9A5B5ED30DEB}.Release|Any CPU.ActiveCfg = Release|Any CPU
		{97FFFC43-E8AB-4B11-859F-9A5B5ED30DEB}.Release|Any CPU.Build.0 = Release|Any CPU
	EndGlobalSection
	GlobalSection(SolutionProperties) = preSolution
		HideSolutionNode = FALSE
	EndGlobalSection
	GlobalSection(NestedProjects) = preSolution
		{22FCB41E-D23E-4316-8B23-6E5ABCE8FC8C} = {ACAF2334-4135-4C3D-8882-D573CB17DA98}
		{051CE919-124E-4FF6-9605-824417AD4F51} = {ACAF2334-4135-4C3D-8882-D573CB17DA98}
		{EC4B60F9-6F11-4B53-9308-B833D6C6CFA4} = {0CF74E54-44D5-4593-99A3-DBE017C2EF77}
		{0D753218-C0A3-4BC7-8575-1160FA61C05F} = {0CF74E54-44D5-4593-99A3-DBE017C2EF77}
		{24A06138-E585-4FD9-BE9A-79F3FFCFCA0F} = {0CF74E54-44D5-4593-99A3-DBE017C2EF77}
		{096CBABD-9F64-49ED-B35B-D5A3D2978D72} = {74E0546B-8CB2-473A-B368-D14CDBAC8BDC}
		{0DECFD77-920F-4F8A-BAF0-B2C741CA4631} = {74E0546B-8CB2-473A-B368-D14CDBAC8BDC}
		{7022D9B3-EDE6-439E-BC8C-A0B00CC92140} = {74E0546B-8CB2-473A-B368-D14CDBAC8BDC}
		{544DA6B0-FE6A-4E1F-A8F8-23B2A482C6E4} = {7E1C36E7-C13F-4DE0-8593-3D3E22DFD312}
		{8BB96BCB-F0E0-4F4D-8FC8-CE5E3868D5D1} = {7E1C36E7-C13F-4DE0-8593-3D3E22DFD312}
		{679F0BA1-E4E1-43A5-A773-C11AFD8853EE} = {9E471DFE-851D-4C93-BAEF-F51818BF5BA2}
		{D7A023F6-5748-4FCE-ADF4-67DA63E842D0} = {9E471DFE-851D-4C93-BAEF-F51818BF5BA2}
		{08FCBA97-6D48-4A55-AD8F-AB6C803C12BC} = {6C3012CA-430D-4D27-B286-3AAF5D2BF5D4}
		{97FFFC43-E8AB-4B11-859F-9A5B5ED30DEB} = {6C3012CA-430D-4D27-B286-3AAF5D2BF5D4}
	EndGlobalSection
EndGlobal
